
Microsoft Visual Studio Solution File, Format Version 12.00
# Visual Studio 15
VisualStudioVersion = 15.0.27703.2047
MinimumVisualStudioVersion = 10.0.40219.1
Project("{FAE04EC0-301F-11D3-BF4B-00C04F79EFBC}") = "Sales.Android", "Sales\Sales.Android\Sales.Android.csproj", "{C1D65C86-F16F-4EB7-B934-F3EA2482ABC9}"
EndProject
Project("{FAE04EC0-301F-11D3-BF4B-00C04F79EFBC}") = "Sales.iOS", "Sales\Sales.iOS\Sales.iOS.csproj", "{04FA8042-01FB-46F4-A22A-02030E82953B}"
EndProject
Project("{D954291E-2A0B-460D-934E-DC6B0785DB48}") = "Sales", "Sales\Sales\Sales.shproj", "{68B45A15-7241-4A99-AEB7-643C210A5974}"
EndProject
Project("{FAE04EC0-301F-11D3-BF4B-00C04F79EFBC}") = "Sales.Backend", "Sales.Backend\Sales.Backend.csproj", "{9737525F-CC90-4B03-B726-6F03A7C01131}"
EndProject
Project("{FAE04EC0-301F-11D3-BF4B-00C04F79EFBC}") = "Sales.Api", "Sales.Api\Sales.Api.csproj", "{A90FB835-E7F2-4BD3-BB5F-39A9F1D5E460}"
EndProject
Project("{FAE04EC0-301F-11D3-BF4B-00C04F79EFBC}") = "Sales.Domain", "Sales.Domain\Sales.Domain.csproj", "{2633F5FC-FC14-4BBC-B6AD-C4D529608A2D}"
EndProject
Project("{FAE04EC0-301F-11D3-BF4B-00C04F79EFBC}") = "Sales.Common", "Sales.Common\Sales.Common.csproj", "{70BAA03E-83D9-4E62-A1F9-0A25837D0F60}"
EndProject
Global
	GlobalSection(SharedMSBuildProjectFiles) = preSolution
		Sales\Sales\Sales.projitems*{04fa8042-01fb-46f4-a22a-02030e82953b}*SharedItemsImports = 4
		Sales\Sales\Sales.projitems*{68b45a15-7241-4a99-aeb7-643c210a5974}*SharedItemsImports = 13
		Sales\Sales\Sales.projitems*{c1d65c86-f16f-4eb7-b934-f3ea2482abc9}*SharedItemsImports = 4
	EndGlobalSection
	GlobalSection(SolutionConfigurationPlatforms) = preSolution
		Ad-Hoc|Any CPU = Ad-Hoc|Any CPU
		Ad-Hoc|ARM = Ad-Hoc|ARM
		Ad-Hoc|iPhone = Ad-Hoc|iPhone
		Ad-Hoc|iPhoneSimulator = Ad-Hoc|iPhoneSimulator
		Ad-Hoc|x64 = Ad-Hoc|x64
		Ad-Hoc|x86 = Ad-Hoc|x86
		AppStore|Any CPU = AppStore|Any CPU
		AppStore|ARM = AppStore|ARM
		AppStore|iPhone = AppStore|iPhone
		AppStore|iPhoneSimulator = AppStore|iPhoneSimulator
		AppStore|x64 = AppStore|x64
		AppStore|x86 = AppStore|x86
		Debug|Any CPU = Debug|Any CPU
		Debug|ARM = Debug|ARM
		Debug|iPhone = Debug|iPhone
		Debug|iPhoneSimulator = Debug|iPhoneSimulator
		Debug|x64 = Debug|x64
		Debug|x86 = Debug|x86
		Release|Any CPU = Release|Any CPU
		Release|ARM = Release|ARM
		Release|iPhone = Release|iPhone
		Release|iPhoneSimulator = Release|iPhoneSimulator
		Release|x64 = Release|x64
		Release|x86 = Release|x86
	EndGlobalSection
	GlobalSection(ProjectConfigurationPlatforms) = postSolution
		{C1D65C86-F16F-4EB7-B934-F3EA2482ABC9}.Ad-Hoc|Any CPU.ActiveCfg = Release|Any CPU
		{C1D65C86-F16F-4EB7-B934-F3EA2482ABC9}.Ad-Hoc|Any CPU.Build.0 = Release|Any CPU
		{C1D65C86-F16F-4EB7-B934-F3EA2482ABC9}.Ad-Hoc|Any CPU.Deploy.0 = Release|Any CPU
		{C1D65C86-F16F-4EB7-B934-F3EA2482ABC9}.Ad-Hoc|ARM.ActiveCfg = Release|Any CPU
		{C1D65C86-F16F-4EB7-B934-F3EA2482ABC9}.Ad-Hoc|ARM.Build.0 = Release|Any CPU
		{C1D65C86-F16F-4EB7-B934-F3EA2482ABC9}.Ad-Hoc|ARM.Deploy.0 = Release|Any CPU
		{C1D65C86-F16F-4EB7-B934-F3EA2482ABC9}.Ad-Hoc|iPhone.ActiveCfg = Release|Any CPU
		{C1D65C86-F16F-4EB7-B934-F3EA2482ABC9}.Ad-Hoc|iPhone.Build.0 = Release|Any CPU
		{C1D65C86-F16F-4EB7-B934-F3EA2482ABC9}.Ad-Hoc|iPhone.Deploy.0 = Release|Any CPU
		{C1D65C86-F16F-4EB7-B934-F3EA2482ABC9}.Ad-Hoc|iPhoneSimulator.ActiveCfg = Release|Any CPU
		{C1D65C86-F16F-4EB7-B934-F3EA2482ABC9}.Ad-Hoc|iPhoneSimulator.Build.0 = Release|Any CPU
		{C1D65C86-F16F-4EB7-B934-F3EA2482ABC9}.Ad-Hoc|iPhoneSimulator.Deploy.0 = Release|Any CPU
		{C1D65C86-F16F-4EB7-B934-F3EA2482ABC9}.Ad-Hoc|x64.ActiveCfg = Release|Any CPU
		{C1D65C86-F16F-4EB7-B934-F3EA2482ABC9}.Ad-Hoc|x64.Build.0 = Release|Any CPU
		{C1D65C86-F16F-4EB7-B934-F3EA2482ABC9}.Ad-Hoc|x64.Deploy.0 = Release|Any CPU
		{C1D65C86-F16F-4EB7-B934-F3EA2482ABC9}.Ad-Hoc|x86.ActiveCfg = Release|Any CPU
		{C1D65C86-F16F-4EB7-B934-F3EA2482ABC9}.Ad-Hoc|x86.Build.0 = Release|Any CPU
		{C1D65C86-F16F-4EB7-B934-F3EA2482ABC9}.Ad-Hoc|x86.Deploy.0 = Release|Any CPU
		{C1D65C86-F16F-4EB7-B934-F3EA2482ABC9}.AppStore|Any CPU.ActiveCfg = Release|Any CPU
		{C1D65C86-F16F-4EB7-B934-F3EA2482ABC9}.AppStore|Any CPU.Build.0 = Release|Any CPU
		{C1D65C86-F16F-4EB7-B934-F3EA2482ABC9}.AppStore|Any CPU.Deploy.0 = Release|Any CPU
		{C1D65C86-F16F-4EB7-B934-F3EA2482ABC9}.AppStore|ARM.ActiveCfg = Release|Any CPU
		{C1D65C86-F16F-4EB7-B934-F3EA2482ABC9}.AppStore|ARM.Build.0 = Release|Any CPU
		{C1D65C86-F16F-4EB7-B934-F3EA2482ABC9}.AppStore|ARM.Deploy.0 = Release|Any CPU
		{C1D65C86-F16F-4EB7-B934-F3EA2482ABC9}.AppStore|iPhone.ActiveCfg = Release|Any CPU
		{C1D65C86-F16F-4EB7-B934-F3EA2482ABC9}.AppStore|iPhone.Build.0 = Release|Any CPU
		{C1D65C86-F16F-4EB7-B934-F3EA2482ABC9}.AppStore|iPhone.Deploy.0 = Release|Any CPU
		{C1D65C86-F16F-4EB7-B934-F3EA2482ABC9}.AppStore|iPhoneSimulator.ActiveCfg = Release|Any CPU
		{C1D65C86-F16F-4EB7-B934-F3EA2482ABC9}.AppStore|iPhoneSimulator.Build.0 = Release|Any CPU
		{C1D65C86-F16F-4EB7-B934-F3EA2482ABC9}.AppStore|iPhoneSimulator.Deploy.0 = Release|Any CPU
		{C1D65C86-F16F-4EB7-B934-F3EA2482ABC9}.AppStore|x64.ActiveCfg = Release|Any CPU
		{C1D65C86-F16F-4EB7-B934-F3EA2482ABC9}.AppStore|x64.Build.0 = Release|Any CPU
		{C1D65C86-F16F-4EB7-B934-F3EA2482ABC9}.AppStore|x64.Deploy.0 = Release|Any CPU
		{C1D65C86-F16F-4EB7-B934-F3EA2482ABC9}.AppStore|x86.ActiveCfg = Release|Any CPU
		{C1D65C86-F16F-4EB7-B934-F3EA2482ABC9}.AppStore|x86.Build.0 = Release|Any CPU
		{C1D65C86-F16F-4EB7-B934-F3EA2482ABC9}.AppStore|x86.Deploy.0 = Release|Any CPU
		{C1D65C86-F16F-4EB7-B934-F3EA2482ABC9}.Debug|Any CPU.ActiveCfg = Debug|Any CPU
		{C1D65C86-F16F-4EB7-B934-F3EA2482ABC9}.Debug|Any CPU.Build.0 = Debug|Any CPU
		{C1D65C86-F16F-4EB7-B934-F3EA2482ABC9}.Debug|Any CPU.Deploy.0 = Debug|Any CPU
		{C1D65C86-F16F-4EB7-B934-F3EA2482ABC9}.Debug|ARM.ActiveCfg = Debug|Any CPU
		{C1D65C86-F16F-4EB7-B934-F3EA2482ABC9}.Debug|ARM.Build.0 = Debug|Any CPU
		{C1D65C86-F16F-4EB7-B934-F3EA2482ABC9}.Debug|ARM.Deploy.0 = Debug|Any CPU
		{C1D65C86-F16F-4EB7-B934-F3EA2482ABC9}.Debug|iPhone.ActiveCfg = Debug|Any CPU
		{C1D65C86-F16F-4EB7-B934-F3EA2482ABC9}.Debug|iPhone.Build.0 = Debug|Any CPU
		{C1D65C86-F16F-4EB7-B934-F3EA2482ABC9}.Debug|iPhone.Deploy.0 = Debug|Any CPU
		{C1D65C86-F16F-4EB7-B934-F3EA2482ABC9}.Debug|iPhoneSimulator.ActiveCfg = Debug|Any CPU
		{C1D65C86-F16F-4EB7-B934-F3EA2482ABC9}.Debug|iPhoneSimulator.Build.0 = Debug|Any CPU
		{C1D65C86-F16F-4EB7-B934-F3EA2482ABC9}.Debug|iPhoneSimulator.Deploy.0 = Debug|Any CPU
		{C1D65C86-F16F-4EB7-B934-F3EA2482ABC9}.Debug|x64.ActiveCfg = Debug|Any CPU
		{C1D65C86-F16F-4EB7-B934-F3EA2482ABC9}.Debug|x64.Build.0 = Debug|Any CPU
		{C1D65C86-F16F-4EB7-B934-F3EA2482ABC9}.Debug|x64.Deploy.0 = Debug|Any CPU
		{C1D65C86-F16F-4EB7-B934-F3EA2482ABC9}.Debug|x86.ActiveCfg = Debug|Any CPU
		{C1D65C86-F16F-4EB7-B934-F3EA2482ABC9}.Debug|x86.Build.0 = Debug|Any CPU
		{C1D65C86-F16F-4EB7-B934-F3EA2482ABC9}.Debug|x86.Deploy.0 = Debug|Any CPU
		{C1D65C86-F16F-4EB7-B934-F3EA2482ABC9}.Release|Any CPU.ActiveCfg = Release|Any CPU
		{C1D65C86-F16F-4EB7-B934-F3EA2482ABC9}.Release|Any CPU.Build.0 = Release|Any CPU
		{C1D65C86-F16F-4EB7-B934-F3EA2482ABC9}.Release|Any CPU.Deploy.0 = Release|Any CPU
		{C1D65C86-F16F-4EB7-B934-F3EA2482ABC9}.Release|ARM.ActiveCfg = Release|Any CPU
		{C1D65C86-F16F-4EB7-B934-F3EA2482ABC9}.Release|ARM.Build.0 = Release|Any CPU
		{C1D65C86-F16F-4EB7-B934-F3EA2482ABC9}.Release|ARM.Deploy.0 = Release|Any CPU
		{C1D65C86-F16F-4EB7-B934-F3EA2482ABC9}.Release|iPhone.ActiveCfg = Release|Any CPU
		{C1D65C86-F16F-4EB7-B934-F3EA2482ABC9}.Release|iPhone.Build.0 = Release|Any CPU
		{C1D65C86-F16F-4EB7-B934-F3EA2482ABC9}.Release|iPhone.Deploy.0 = Release|Any CPU
		{C1D65C86-F16F-4EB7-B934-F3EA2482ABC9}.Release|iPhoneSimulator.ActiveCfg = Release|Any CPU
		{C1D65C86-F16F-4EB7-B934-F3EA2482ABC9}.Release|iPhoneSimulator.Build.0 = Release|Any CPU
		{C1D65C86-F16F-4EB7-B934-F3EA2482ABC9}.Release|iPhoneSimulator.Deploy.0 = Release|Any CPU
		{C1D65C86-F16F-4EB7-B934-F3EA2482ABC9}.Release|x64.ActiveCfg = Release|Any CPU
		{C1D65C86-F16F-4EB7-B934-F3EA2482ABC9}.Release|x64.Build.0 = Release|Any CPU
		{C1D65C86-F16F-4EB7-B934-F3EA2482ABC9}.Release|x64.Deploy.0 = Release|Any CPU
		{C1D65C86-F16F-4EB7-B934-F3EA2482ABC9}.Release|x86.ActiveCfg = Release|Any CPU
		{C1D65C86-F16F-4EB7-B934-F3EA2482ABC9}.Release|x86.Build.0 = Release|Any CPU
		{C1D65C86-F16F-4EB7-B934-F3EA2482ABC9}.Release|x86.Deploy.0 = Release|Any CPU
		{04FA8042-01FB-46F4-A22A-02030E82953B}.Ad-Hoc|Any CPU.ActiveCfg = Ad-Hoc|iPhone
		{04FA8042-01FB-46F4-A22A-02030E82953B}.Ad-Hoc|Any CPU.Build.0 = Ad-Hoc|iPhone
		{04FA8042-01FB-46F4-A22A-02030E82953B}.Ad-Hoc|Any CPU.Deploy.0 = Ad-Hoc|iPhone
		{04FA8042-01FB-46F4-A22A-02030E82953B}.Ad-Hoc|ARM.ActiveCfg = Ad-Hoc|iPhone
		{04FA8042-01FB-46F4-A22A-02030E82953B}.Ad-Hoc|ARM.Build.0 = Ad-Hoc|iPhone
		{04FA8042-01FB-46F4-A22A-02030E82953B}.Ad-Hoc|ARM.Deploy.0 = Ad-Hoc|iPhone
		{04FA8042-01FB-46F4-A22A-02030E82953B}.Ad-Hoc|iPhone.ActiveCfg = Ad-Hoc|iPhone
		{04FA8042-01FB-46F4-A22A-02030E82953B}.Ad-Hoc|iPhone.Build.0 = Ad-Hoc|iPhone
		{04FA8042-01FB-46F4-A22A-02030E82953B}.Ad-Hoc|iPhone.Deploy.0 = Ad-Hoc|iPhone
		{04FA8042-01FB-46F4-A22A-02030E82953B}.Ad-Hoc|iPhoneSimulator.ActiveCfg = Ad-Hoc|iPhoneSimulator
		{04FA8042-01FB-46F4-A22A-02030E82953B}.Ad-Hoc|iPhoneSimulator.Build.0 = Ad-Hoc|iPhoneSimulator
		{04FA8042-01FB-46F4-A22A-02030E82953B}.Ad-Hoc|iPhoneSimulator.Deploy.0 = Ad-Hoc|iPhoneSimulator
		{04FA8042-01FB-46F4-A22A-02030E82953B}.Ad-Hoc|x64.ActiveCfg = Ad-Hoc|iPhone
		{04FA8042-01FB-46F4-A22A-02030E82953B}.Ad-Hoc|x64.Build.0 = Ad-Hoc|iPhone
		{04FA8042-01FB-46F4-A22A-02030E82953B}.Ad-Hoc|x64.Deploy.0 = Ad-Hoc|iPhone
		{04FA8042-01FB-46F4-A22A-02030E82953B}.Ad-Hoc|x86.ActiveCfg = Ad-Hoc|iPhone
		{04FA8042-01FB-46F4-A22A-02030E82953B}.Ad-Hoc|x86.Build.0 = Ad-Hoc|iPhone
		{04FA8042-01FB-46F4-A22A-02030E82953B}.Ad-Hoc|x86.Deploy.0 = Ad-Hoc|iPhone
		{04FA8042-01FB-46F4-A22A-02030E82953B}.AppStore|Any CPU.ActiveCfg = AppStore|iPhone
		{04FA8042-01FB-46F4-A22A-02030E82953B}.AppStore|Any CPU.Build.0 = AppStore|iPhone
		{04FA8042-01FB-46F4-A22A-02030E82953B}.AppStore|Any CPU.Deploy.0 = AppStore|iPhone
		{04FA8042-01FB-46F4-A22A-02030E82953B}.AppStore|ARM.ActiveCfg = AppStore|iPhone
		{04FA8042-01FB-46F4-A22A-02030E82953B}.AppStore|ARM.Build.0 = AppStore|iPhone
		{04FA8042-01FB-46F4-A22A-02030E82953B}.AppStore|ARM.Deploy.0 = AppStore|iPhone
		{04FA8042-01FB-46F4-A22A-02030E82953B}.AppStore|iPhone.ActiveCfg = AppStore|iPhone
		{04FA8042-01FB-46F4-A22A-02030E82953B}.AppStore|iPhone.Build.0 = AppStore|iPhone
		{04FA8042-01FB-46F4-A22A-02030E82953B}.AppStore|iPhone.Deploy.0 = AppStore|iPhone
		{04FA8042-01FB-46F4-A22A-02030E82953B}.AppStore|iPhoneSimulator.ActiveCfg = AppStore|iPhoneSimulator
		{04FA8042-01FB-46F4-A22A-02030E82953B}.AppStore|iPhoneSimulator.Build.0 = AppStore|iPhoneSimulator
		{04FA8042-01FB-46F4-A22A-02030E82953B}.AppStore|iPhoneSimulator.Deploy.0 = AppStore|iPhoneSimulator
		{04FA8042-01FB-46F4-A22A-02030E82953B}.AppStore|x64.ActiveCfg = AppStore|iPhone
		{04FA8042-01FB-46F4-A22A-02030E82953B}.AppStore|x64.Build.0 = AppStore|iPhone
		{04FA8042-01FB-46F4-A22A-02030E82953B}.AppStore|x64.Deploy.0 = AppStore|iPhone
		{04FA8042-01FB-46F4-A22A-02030E82953B}.AppStore|x86.ActiveCfg = AppStore|iPhone
		{04FA8042-01FB-46F4-A22A-02030E82953B}.AppStore|x86.Build.0 = AppStore|iPhone
		{04FA8042-01FB-46F4-A22A-02030E82953B}.AppStore|x86.Deploy.0 = AppStore|iPhone
		{04FA8042-01FB-46F4-A22A-02030E82953B}.Debug|Any CPU.ActiveCfg = Debug|iPhoneSimulator
		{04FA8042-01FB-46F4-A22A-02030E82953B}.Debug|Any CPU.Build.0 = Debug|iPhoneSimulator
		{04FA8042-01FB-46F4-A22A-02030E82953B}.Debug|Any CPU.Deploy.0 = Debug|iPhoneSimulator
		{04FA8042-01FB-46F4-A22A-02030E82953B}.Debug|ARM.ActiveCfg = Debug|iPhone
		{04FA8042-01FB-46F4-A22A-02030E82953B}.Debug|ARM.Build.0 = Debug|iPhone
		{04FA8042-01FB-46F4-A22A-02030E82953B}.Debug|ARM.Deploy.0 = Debug|iPhone
		{04FA8042-01FB-46F4-A22A-02030E82953B}.Debug|iPhone.ActiveCfg = Debug|iPhone
		{04FA8042-01FB-46F4-A22A-02030E82953B}.Debug|iPhone.Build.0 = Debug|iPhone
		{04FA8042-01FB-46F4-A22A-02030E82953B}.Debug|iPhone.Deploy.0 = Debug|iPhone
		{04FA8042-01FB-46F4-A22A-02030E82953B}.Debug|iPhoneSimulator.ActiveCfg = Debug|iPhoneSimulator
		{04FA8042-01FB-46F4-A22A-02030E82953B}.Debug|iPhoneSimulator.Build.0 = Debug|iPhoneSimulator
		{04FA8042-01FB-46F4-A22A-02030E82953B}.Debug|iPhoneSimulator.Deploy.0 = Debug|iPhoneSimulator
		{04FA8042-01FB-46F4-A22A-02030E82953B}.Debug|x64.ActiveCfg = Debug|iPhone
		{04FA8042-01FB-46F4-A22A-02030E82953B}.Debug|x64.Build.0 = Debug|iPhone
		{04FA8042-01FB-46F4-A22A-02030E82953B}.Debug|x64.Deploy.0 = Debug|iPhone
		{04FA8042-01FB-46F4-A22A-02030E82953B}.Debug|x86.ActiveCfg = Debug|iPhone
		{04FA8042-01FB-46F4-A22A-02030E82953B}.Debug|x86.Build.0 = Debug|iPhone
		{04FA8042-01FB-46F4-A22A-02030E82953B}.Debug|x86.Deploy.0 = Debug|iPhone
		{04FA8042-01FB-46F4-A22A-02030E82953B}.Release|Any CPU.ActiveCfg = Release|iPhone
		{04FA8042-01FB-46F4-A22A-02030E82953B}.Release|Any CPU.Build.0 = Release|iPhone
		{04FA8042-01FB-46F4-A22A-02030E82953B}.Release|Any CPU.Deploy.0 = Release|iPhone
		{04FA8042-01FB-46F4-A22A-02030E82953B}.Release|ARM.ActiveCfg = Release|iPhone
		{04FA8042-01FB-46F4-A22A-02030E82953B}.Release|ARM.Build.0 = Release|iPhone
		{04FA8042-01FB-46F4-A22A-02030E82953B}.Release|ARM.Deploy.0 = Release|iPhone
		{04FA8042-01FB-46F4-A22A-02030E82953B}.Release|iPhone.ActiveCfg = Release|iPhone
		{04FA8042-01FB-46F4-A22A-02030E82953B}.Release|iPhone.Build.0 = Release|iPhone
		{04FA8042-01FB-46F4-A22A-02030E82953B}.Release|iPhone.Deploy.0 = Release|iPhone
		{04FA8042-01FB-46F4-A22A-02030E82953B}.Release|iPhoneSimulator.ActiveCfg = Release|iPhoneSimulator
		{04FA8042-01FB-46F4-A22A-02030E82953B}.Release|iPhoneSimulator.Build.0 = Release|iPhoneSimulator
		{04FA8042-01FB-46F4-A22A-02030E82953B}.Release|iPhoneSimulator.Deploy.0 = Release|iPhoneSimulator
		{04FA8042-01FB-46F4-A22A-02030E82953B}.Release|x64.ActiveCfg = Release|iPhone
		{04FA8042-01FB-46F4-A22A-02030E82953B}.Release|x64.Build.0 = Release|iPhone
		{04FA8042-01FB-46F4-A22A-02030E82953B}.Release|x64.Deploy.0 = Release|iPhone
		{04FA8042-01FB-46F4-A22A-02030E82953B}.Release|x86.ActiveCfg = Release|iPhone
		{04FA8042-01FB-46F4-A22A-02030E82953B}.Release|x86.Build.0 = Release|iPhone
		{04FA8042-01FB-46F4-A22A-02030E82953B}.Release|x86.Deploy.0 = Release|iPhone
		{9737525F-CC90-4B03-B726-6F03A7C01131}.Ad-Hoc|Any CPU.ActiveCfg = Release|Any CPU
		{9737525F-CC90-4B03-B726-6F03A7C01131}.Ad-Hoc|Any CPU.Build.0 = Release|Any CPU
		{9737525F-CC90-4B03-B726-6F03A7C01131}.Ad-Hoc|ARM.ActiveCfg = Release|Any CPU
		{9737525F-CC90-4B03-B726-6F03A7C01131}.Ad-Hoc|ARM.Build.0 = Release|Any CPU
		{9737525F-CC90-4B03-B726-6F03A7C01131}.Ad-Hoc|iPhone.ActiveCfg = Release|Any CPU
		{9737525F-CC90-4B03-B726-6F03A7C01131}.Ad-Hoc|iPhone.Build.0 = Release|Any CPU
		{9737525F-CC90-4B03-B726-6F03A7C01131}.Ad-Hoc|iPhoneSimulator.ActiveCfg = Release|Any CPU
		{9737525F-CC90-4B03-B726-6F03A7C01131}.Ad-Hoc|iPhoneSimulator.Build.0 = Release|Any CPU
		{9737525F-CC90-4B03-B726-6F03A7C01131}.Ad-Hoc|x64.ActiveCfg = Release|Any CPU
		{9737525F-CC90-4B03-B726-6F03A7C01131}.Ad-Hoc|x64.Build.0 = Release|Any CPU
		{9737525F-CC90-4B03-B726-6F03A7C01131}.Ad-Hoc|x86.ActiveCfg = Release|Any CPU
		{9737525F-CC90-4B03-B726-6F03A7C01131}.Ad-Hoc|x86.Build.0 = Release|Any CPU
		{9737525F-CC90-4B03-B726-6F03A7C01131}.AppStore|Any CPU.ActiveCfg = Release|Any CPU
		{9737525F-CC90-4B03-B726-6F03A7C01131}.AppStore|Any CPU.Build.0 = Release|Any CPU
		{9737525F-CC90-4B03-B726-6F03A7C01131}.AppStore|ARM.ActiveCfg = Release|Any CPU
		{9737525F-CC90-4B03-B726-6F03A7C01131}.AppStore|ARM.Build.0 = Release|Any CPU
		{9737525F-CC90-4B03-B726-6F03A7C01131}.AppStore|iPhone.ActiveCfg = Release|Any CPU
		{9737525F-CC90-4B03-B726-6F03A7C01131}.AppStore|iPhone.Build.0 = Release|Any CPU
		{9737525F-CC90-4B03-B726-6F03A7C01131}.AppStore|iPhoneSimulator.ActiveCfg = Release|Any CPU
		{9737525F-CC90-4B03-B726-6F03A7C01131}.AppStore|iPhoneSimulator.Build.0 = Release|Any CPU
		{9737525F-CC90-4B03-B726-6F03A7C01131}.AppStore|x64.ActiveCfg = Release|Any CPU
		{9737525F-CC90-4B03-B726-6F03A7C01131}.AppStore|x64.Build.0 = Release|Any CPU
		{9737525F-CC90-4B03-B726-6F03A7C01131}.AppStore|x86.ActiveCfg = Release|Any CPU
		{9737525F-CC90-4B03-B726-6F03A7C01131}.AppStore|x86.Build.0 = Release|Any CPU
		{9737525F-CC90-4B03-B726-6F03A7C01131}.Debug|Any CPU.ActiveCfg = Debug|Any CPU
		{9737525F-CC90-4B03-B726-6F03A7C01131}.Debug|Any CPU.Build.0 = Debug|Any CPU
		{9737525F-CC90-4B03-B726-6F03A7C01131}.Debug|ARM.ActiveCfg = Debug|Any CPU
		{9737525F-CC90-4B03-B726-6F03A7C01131}.Debug|ARM.Build.0 = Debug|Any CPU
		{9737525F-CC90-4B03-B726-6F03A7C01131}.Debug|iPhone.ActiveCfg = Debug|Any CPU
		{9737525F-CC90-4B03-B726-6F03A7C01131}.Debug|iPhone.Build.0 = Debug|Any CPU
		{9737525F-CC90-4B03-B726-6F03A7C01131}.Debug|iPhoneSimulator.ActiveCfg = Debug|Any CPU
		{9737525F-CC90-4B03-B726-6F03A7C01131}.Debug|iPhoneSimulator.Build.0 = Debug|Any CPU
		{9737525F-CC90-4B03-B726-6F03A7C01131}.Debug|x64.ActiveCfg = Debug|Any CPU
		{9737525F-CC90-4B03-B726-6F03A7C01131}.Debug|x64.Build.0 = Debug|Any CPU
		{9737525F-CC90-4B03-B726-6F03A7C01131}.Debug|x86.ActiveCfg = Debug|Any CPU
		{9737525F-CC90-4B03-B726-6F03A7C01131}.Debug|x86.Build.0 = Debug|Any CPU
		{9737525F-CC90-4B03-B726-6F03A7C01131}.Release|Any CPU.ActiveCfg = Release|Any CPU
		{9737525F-CC90-4B03-B726-6F03A7C01131}.Release|Any CPU.Build.0 = Release|Any CPU
		{9737525F-CC90-4B03-B726-6F03A7C01131}.Release|ARM.ActiveCfg = Release|Any CPU
		{9737525F-CC90-4B03-B726-6F03A7C01131}.Release|ARM.Build.0 = Release|Any CPU
		{9737525F-CC90-4B03-B726-6F03A7C01131}.Release|iPhone.ActiveCfg = Release|Any CPU
		{9737525F-CC90-4B03-B726-6F03A7C01131}.Release|iPhone.Build.0 = Release|Any CPU
		{9737525F-CC90-4B03-B726-6F03A7C01131}.Release|iPhoneSimulator.ActiveCfg = Release|Any CPU
		{9737525F-CC90-4B03-B726-6F03A7C01131}.Release|iPhoneSimulator.Build.0 = Release|Any CPU
		{9737525F-CC90-4B03-B726-6F03A7C01131}.Release|x64.ActiveCfg = Release|Any CPU
		{9737525F-CC90-4B03-B726-6F03A7C01131}.Release|x64.Build.0 = Release|Any CPU
		{9737525F-CC90-4B03-B726-6F03A7C01131}.Release|x86.ActiveCfg = Release|Any CPU
		{9737525F-CC90-4B03-B726-6F03A7C01131}.Release|x86.Build.0 = Release|Any CPU
		{A90FB835-E7F2-4BD3-BB5F-39A9F1D5E460}.Ad-Hoc|Any CPU.ActiveCfg = Release|Any CPU
		{A90FB835-E7F2-4BD3-BB5F-39A9F1D5E460}.Ad-Hoc|Any CPU.Build.0 = Release|Any CPU
		{A90FB835-E7F2-4BD3-BB5F-39A9F1D5E460}.Ad-Hoc|ARM.ActiveCfg = Release|Any CPU
		{A90FB835-E7F2-4BD3-BB5F-39A9F1D5E460}.Ad-Hoc|ARM.Build.0 = Release|Any CPU
		{A90FB835-E7F2-4BD3-BB5F-39A9F1D5E460}.Ad-Hoc|iPhone.ActiveCfg = Release|Any CPU
		{A90FB835-E7F2-4BD3-BB5F-39A9F1D5E460}.Ad-Hoc|iPhone.Build.0 = Release|Any CPU
		{A90FB835-E7F2-4BD3-BB5F-39A9F1D5E460}.Ad-Hoc|iPhoneSimulator.ActiveCfg = Release|Any CPU
		{A90FB835-E7F2-4BD3-BB5F-39A9F1D5E460}.Ad-Hoc|iPhoneSimulator.Build.0 = Release|Any CPU
		{A90FB835-E7F2-4BD3-BB5F-39A9F1D5E460}.Ad-Hoc|x64.ActiveCfg = Release|Any CPU
		{A90FB835-E7F2-4BD3-BB5F-39A9F1D5E460}.Ad-Hoc|x64.Build.0 = Release|Any CPU
		{A90FB835-E7F2-4BD3-BB5F-39A9F1D5E460}.Ad-Hoc|x86.ActiveCfg = Release|Any CPU
		{A90FB835-E7F2-4BD3-BB5F-39A9F1D5E460}.Ad-Hoc|x86.Build.0 = Release|Any CPU
		{A90FB835-E7F2-4BD3-BB5F-39A9F1D5E460}.AppStore|Any CPU.ActiveCfg = Release|Any CPU
		{A90FB835-E7F2-4BD3-BB5F-39A9F1D5E460}.AppStore|Any CPU.Build.0 = Release|Any CPU
		{A90FB835-E7F2-4BD3-BB5F-39A9F1D5E460}.AppStore|ARM.ActiveCfg = Release|Any CPU
		{A90FB835-E7F2-4BD3-BB5F-39A9F1D5E460}.AppStore|ARM.Build.0 = Release|Any CPU
		{A90FB835-E7F2-4BD3-BB5F-39A9F1D5E460}.AppStore|iPhone.ActiveCfg = Release|Any CPU
		{A90FB835-E7F2-4BD3-BB5F-39A9F1D5E460}.AppStore|iPhone.Build.0 = Release|Any CPU
		{A90FB835-E7F2-4BD3-BB5F-39A9F1D5E460}.AppStore|iPhoneSimulator.ActiveCfg = Release|Any CPU
		{A90FB835-E7F2-4BD3-BB5F-39A9F1D5E460}.AppStore|iPhoneSimulator.Build.0 = Release|Any CPU
		{A90FB835-E7F2-4BD3-BB5F-39A9F1D5E460}.AppStore|x64.ActiveCfg = Release|Any CPU
		{A90FB835-E7F2-4BD3-BB5F-39A9F1D5E460}.AppStore|x64.Build.0 = Release|Any CPU
		{A90FB835-E7F2-4BD3-BB5F-39A9F1D5E460}.AppStore|x86.ActiveCfg = Release|Any CPU
		{A90FB835-E7F2-4BD3-BB5F-39A9F1D5E460}.AppStore|x86.Build.0 = Release|Any CPU
		{A90FB835-E7F2-4BD3-BB5F-39A9F1D5E460}.Debug|Any CPU.ActiveCfg = Debug|Any CPU
		{A90FB835-E7F2-4BD3-BB5F-39A9F1D5E460}.Debug|Any CPU.Build.0 = Debug|Any CPU
		{A90FB835-E7F2-4BD3-BB5F-39A9F1D5E460}.Debug|ARM.ActiveCfg = Debug|Any CPU
		{A90FB835-E7F2-4BD3-BB5F-39A9F1D5E460}.Debug|ARM.Build.0 = Debug|Any CPU
		{A90FB835-E7F2-4BD3-BB5F-39A9F1D5E460}.Debug|iPhone.ActiveCfg = Debug|Any CPU
		{A90FB835-E7F2-4BD3-BB5F-39A9F1D5E460}.Debug|iPhone.Build.0 = Debug|Any CPU
		{A90FB835-E7F2-4BD3-BB5F-39A9F1D5E460}.Debug|iPhoneSimulator.ActiveCfg = Debug|Any CPU
		{A90FB835-E7F2-4BD3-BB5F-39A9F1D5E460}.Debug|iPhoneSimulator.Build.0 = Debug|Any CPU
		{A90FB835-E7F2-4BD3-BB5F-39A9F1D5E460}.Debug|x64.ActiveCfg = Debug|Any CPU
		{A90FB835-E7F2-4BD3-BB5F-39A9F1D5E460}.Debug|x64.Build.0 = Debug|Any CPU
		{A90FB835-E7F2-4BD3-BB5F-39A9F1D5E460}.Debug|x86.ActiveCfg = Debug|Any CPU
		{A90FB835-E7F2-4BD3-BB5F-39A9F1D5E460}.Debug|x86.Build.0 = Debug|Any CPU
		{A90FB835-E7F2-4BD3-BB5F-39A9F1D5E460}.Release|Any CPU.ActiveCfg = Release|Any CPU
		{A90FB835-E7F2-4BD3-BB5F-39A9F1D5E460}.Release|Any CPU.Build.0 = Release|Any CPU
		{A90FB835-E7F2-4BD3-BB5F-39A9F1D5E460}.Release|ARM.ActiveCfg = Release|Any CPU
		{A90FB835-E7F2-4BD3-BB5F-39A9F1D5E460}.Release|ARM.Build.0 = Release|Any CPU
		{A90FB835-E7F2-4BD3-BB5F-39A9F1D5E460}.Release|iPhone.ActiveCfg = Release|Any CPU
		{A90FB835-E7F2-4BD3-BB5F-39A9F1D5E460}.Release|iPhone.Build.0 = Release|Any CPU
		{A90FB835-E7F2-4BD3-BB5F-39A9F1D5E460}.Release|iPhoneSimulator.ActiveCfg = Release|Any CPU
		{A90FB835-E7F2-4BD3-BB5F-39A9F1D5E460}.Release|iPhoneSimulator.Build.0 = Release|Any CPU
		{A90FB835-E7F2-4BD3-BB5F-39A9F1D5E460}.Release|x64.ActiveCfg = Release|Any CPU
		{A90FB835-E7F2-4BD3-BB5F-39A9F1D5E460}.Release|x64.Build.0 = Release|Any CPU
		{A90FB835-E7F2-4BD3-BB5F-39A9F1D5E460}.Release|x86.ActiveCfg = Release|Any CPU
		{A90FB835-E7F2-4BD3-BB5F-39A9F1D5E460}.Release|x86.Build.0 = Release|Any CPU
		{2633F5FC-FC14-4BBC-B6AD-C4D529608A2D}.Ad-Hoc|Any CPU.ActiveCfg = Release|Any CPU
		{2633F5FC-FC14-4BBC-B6AD-C4D529608A2D}.Ad-Hoc|Any CPU.Build.0 = Release|Any CPU
		{2633F5FC-FC14-4BBC-B6AD-C4D529608A2D}.Ad-Hoc|ARM.ActiveCfg = Release|Any CPU
		{2633F5FC-FC14-4BBC-B6AD-C4D529608A2D}.Ad-Hoc|ARM.Build.0 = Release|Any CPU
		{2633F5FC-FC14-4BBC-B6AD-C4D529608A2D}.Ad-Hoc|iPhone.ActiveCfg = Release|Any CPU
		{2633F5FC-FC14-4BBC-B6AD-C4D529608A2D}.Ad-Hoc|iPhone.Build.0 = Release|Any CPU
		{2633F5FC-FC14-4BBC-B6AD-C4D529608A2D}.Ad-Hoc|iPhoneSimulator.ActiveCfg = Release|Any CPU
		{2633F5FC-FC14-4BBC-B6AD-C4D529608A2D}.Ad-Hoc|iPhoneSimulator.Build.0 = Release|Any CPU
		{2633F5FC-FC14-4BBC-B6AD-C4D529608A2D}.Ad-Hoc|x64.ActiveCfg = Release|Any CPU
		{2633F5FC-FC14-4BBC-B6AD-C4D529608A2D}.Ad-Hoc|x64.Build.0 = Release|Any CPU
		{2633F5FC-FC14-4BBC-B6AD-C4D529608A2D}.Ad-Hoc|x86.ActiveCfg = Release|Any CPU
		{2633F5FC-FC14-4BBC-B6AD-C4D529608A2D}.Ad-Hoc|x86.Build.0 = Release|Any CPU
		{2633F5FC-FC14-4BBC-B6AD-C4D529608A2D}.AppStore|Any CPU.ActiveCfg = Release|Any CPU
		{2633F5FC-FC14-4BBC-B6AD-C4D529608A2D}.AppStore|Any CPU.Build.0 = Release|Any CPU
		{2633F5FC-FC14-4BBC-B6AD-C4D529608A2D}.AppStore|ARM.ActiveCfg = Release|Any CPU
		{2633F5FC-FC14-4BBC-B6AD-C4D529608A2D}.AppStore|ARM.Build.0 = Release|Any CPU
		{2633F5FC-FC14-4BBC-B6AD-C4D529608A2D}.AppStore|iPhone.ActiveCfg = Release|Any CPU
		{2633F5FC-FC14-4BBC-B6AD-C4D529608A2D}.AppStore|iPhone.Build.0 = Release|Any CPU
		{2633F5FC-FC14-4BBC-B6AD-C4D529608A2D}.AppStore|iPhoneSimulator.ActiveCfg = Release|Any CPU
		{2633F5FC-FC14-4BBC-B6AD-C4D529608A2D}.AppStore|iPhoneSimulator.Build.0 = Release|Any CPU
		{2633F5FC-FC14-4BBC-B6AD-C4D529608A2D}.AppStore|x64.ActiveCfg = Release|Any CPU
		{2633F5FC-FC14-4BBC-B6AD-C4D529608A2D}.AppStore|x64.Build.0 = Release|Any CPU
		{2633F5FC-FC14-4BBC-B6AD-C4D529608A2D}.AppStore|x86.ActiveCfg = Release|Any CPU
		{2633F5FC-FC14-4BBC-B6AD-C4D529608A2D}.AppStore|x86.Build.0 = Release|Any CPU
		{2633F5FC-FC14-4BBC-B6AD-C4D529608A2D}.Debug|Any CPU.ActiveCfg = Debug|Any CPU
		{2633F5FC-FC14-4BBC-B6AD-C4D529608A2D}.Debug|Any CPU.Build.0 = Debug|Any CPU
		{2633F5FC-FC14-4BBC-B6AD-C4D529608A2D}.Debug|ARM.ActiveCfg = Debug|Any CPU
		{2633F5FC-FC14-4BBC-B6AD-C4D529608A2D}.Debug|ARM.Build.0 = Debug|Any CPU
		{2633F5FC-FC14-4BBC-B6AD-C4D529608A2D}.Debug|iPhone.ActiveCfg = Debug|Any CPU
		{2633F5FC-FC14-4BBC-B6AD-C4D529608A2D}.Debug|iPhone.Build.0 = Debug|Any CPU
		{2633F5FC-FC14-4BBC-B6AD-C4D529608A2D}.Debug|iPhoneSimulator.ActiveCfg = Debug|Any CPU
		{2633F5FC-FC14-4BBC-B6AD-C4D529608A2D}.Debug|iPhoneSimulator.Build.0 = Debug|Any CPU
		{2633F5FC-FC14-4BBC-B6AD-C4D529608A2D}.Debug|x64.ActiveCfg = Debug|Any CPU
		{2633F5FC-FC14-4BBC-B6AD-C4D529608A2D}.Debug|x64.Build.0 = Debug|Any CPU
		{2633F5FC-FC14-4BBC-B6AD-C4D529608A2D}.Debug|x86.ActiveCfg = Debug|Any CPU
		{2633F5FC-FC14-4BBC-B6AD-C4D529608A2D}.Debug|x86.Build.0 = Debug|Any CPU
		{2633F5FC-FC14-4BBC-B6AD-C4D529608A2D}.Release|Any CPU.ActiveCfg = Release|Any CPU
		{2633F5FC-FC14-4BBC-B6AD-C4D529608A2D}.Release|Any CPU.Build.0 = Release|Any CPU
		{2633F5FC-FC14-4BBC-B6AD-C4D529608A2D}.Release|ARM.ActiveCfg = Release|Any CPU
		{2633F5FC-FC14-4BBC-B6AD-C4D529608A2D}.Release|ARM.Build.0 = Release|Any CPU
		{2633F5FC-FC14-4BBC-B6AD-C4D529608A2D}.Release|iPhone.ActiveCfg = Release|Any CPU
		{2633F5FC-FC14-4BBC-B6AD-C4D529608A2D}.Release|iPhone.Build.0 = Release|Any CPU
		{2633F5FC-FC14-4BBC-B6AD-C4D529608A2D}.Release|iPhoneSimulator.ActiveCfg = Release|Any CPU
		{2633F5FC-FC14-4BBC-B6AD-C4D529608A2D}.Release|iPhoneSimulator.Build.0 = Release|Any CPU
		{2633F5FC-FC14-4BBC-B6AD-C4D529608A2D}.Release|x64.ActiveCfg = Release|Any CPU
		{2633F5FC-FC14-4BBC-B6AD-C4D529608A2D}.Release|x64.Build.0 = Release|Any CPU
		{2633F5FC-FC14-4BBC-B6AD-C4D529608A2D}.Release|x86.ActiveCfg = Release|Any CPU
		{2633F5FC-FC14-4BBC-B6AD-C4D529608A2D}.Release|x86.Build.0 = Release|Any CPU
		{70BAA03E-83D9-4E62-A1F9-0A25837D0F60}.Ad-Hoc|Any CPU.ActiveCfg = Release|Any CPU
		{70BAA03E-83D9-4E62-A1F9-0A25837D0F60}.Ad-Hoc|Any CPU.Build.0 = Release|Any CPU
		{70BAA03E-83D9-4E62-A1F9-0A25837D0F60}.Ad-Hoc|ARM.ActiveCfg = Release|Any CPU
		{70BAA03E-83D9-4E62-A1F9-0A25837D0F60}.Ad-Hoc|ARM.Build.0 = Release|Any CPU
		{70BAA03E-83D9-4E62-A1F9-0A25837D0F60}.Ad-Hoc|iPhone.ActiveCfg = Release|Any CPU
		{70BAA03E-83D9-4E62-A1F9-0A25837D0F60}.Ad-Hoc|iPhone.Build.0 = Release|Any CPU
		{70BAA03E-83D9-4E62-A1F9-0A25837D0F60}.Ad-Hoc|iPhoneSimulator.ActiveCfg = Release|Any CPU
		{70BAA03E-83D9-4E62-A1F9-0A25837D0F60}.Ad-Hoc|iPhoneSimulator.Build.0 = Release|Any CPU
		{70BAA03E-83D9-4E62-A1F9-0A25837D0F60}.Ad-Hoc|x64.ActiveCfg = Release|Any CPU
		{70BAA03E-83D9-4E62-A1F9-0A25837D0F60}.Ad-Hoc|x64.Build.0 = Release|Any CPU
		{70BAA03E-83D9-4E62-A1F9-0A25837D0F60}.Ad-Hoc|x86.ActiveCfg = Release|Any CPU
		{70BAA03E-83D9-4E62-A1F9-0A25837D0F60}.Ad-Hoc|x86.Build.0 = Release|Any CPU
		{70BAA03E-83D9-4E62-A1F9-0A25837D0F60}.AppStore|Any CPU.ActiveCfg = Release|Any CPU
		{70BAA03E-83D9-4E62-A1F9-0A25837D0F60}.AppStore|Any CPU.Build.0 = Release|Any CPU
		{70BAA03E-83D9-4E62-A1F9-0A25837D0F60}.AppStore|ARM.ActiveCfg = Release|Any CPU
		{70BAA03E-83D9-4E62-A1F9-0A25837D0F60}.AppStore|ARM.Build.0 = Release|Any CPU
		{70BAA03E-83D9-4E62-A1F9-0A25837D0F60}.AppStore|iPhone.ActiveCfg = Release|Any CPU
		{70BAA03E-83D9-4E62-A1F9-0A25837D0F60}.AppStore|iPhone.Build.0 = Release|Any CPU
		{70BAA03E-83D9-4E62-A1F9-0A25837D0F60}.AppStore|iPhoneSimulator.ActiveCfg = Release|Any CPU
		{70BAA03E-83D9-4E62-A1F9-0A25837D0F60}.AppStore|iPhoneSimulator.Build.0 = Release|Any CPU
		{70BAA03E-83D9-4E62-A1F9-0A25837D0F60}.AppStore|x64.ActiveCfg = Release|Any CPU
		{70BAA03E-83D9-4E62-A1F9-0A25837D0F60}.AppStore|x64.Build.0 = Release|Any CPU
		{70BAA03E-83D9-4E62-A1F9-0A25837D0F60}.AppStore|x86.ActiveCfg = Release|Any CPU
		{70BAA03E-83D9-4E62-A1F9-0A25837D0F60}.AppStore|x86.Build.0 = Release|Any CPU
		{70BAA03E-83D9-4E62-A1F9-0A25837D0F60}.Debug|Any CPU.ActiveCfg = Debug|Any CPU
		{70BAA03E-83D9-4E62-A1F9-0A25837D0F60}.Debug|Any CPU.Build.0 = Debug|Any CPU
		{70BAA03E-83D9-4E62-A1F9-0A25837D0F60}.Debug|ARM.ActiveCfg = Debug|Any CPU
		{70BAA03E-83D9-4E62-A1F9-0A25837D0F60}.Debug|ARM.Build.0 = Debug|Any CPU
		{70BAA03E-83D9-4E62-A1F9-0A25837D0F60}.Debug|iPhone.ActiveCfg = Debug|Any CPU
		{70BAA03E-83D9-4E62-A1F9-0A25837D0F60}.Debug|iPhone.Build.0 = Debug|Any CPU
		{70BAA03E-83D9-4E62-A1F9-0A25837D0F60}.Debug|iPhoneSimulator.ActiveCfg = Debug|Any CPU
		{70BAA03E-83D9-4E62-A1F9-0A25837D0F60}.Debug|iPhoneSimulator.Build.0 = Debug|Any CPU
		{70BAA03E-83D9-4E62-A1F9-0A25837D0F60}.Debug|x64.ActiveCfg = Debug|Any CPU
		{70BAA03E-83D9-4E62-A1F9-0A25837D0F60}.Debug|x64.Build.0 = Debug|Any CPU
		{70BAA03E-83D9-4E62-A1F9-0A25837D0F60}.Debug|x86.ActiveCfg = Debug|Any CPU
		{70BAA03E-83D9-4E62-A1F9-0A25837D0F60}.Debug|x86.Build.0 = Debug|Any CPU
		{70BAA03E-83D9-4E62-A1F9-0A25837D0F60}.Release|Any CPU.ActiveCfg = Release|Any CPU
		{70BAA03E-83D9-4E62-A1F9-0A25837D0F60}.Release|Any CPU.Build.0 = Release|Any CPU
		{70BAA03E-83D9-4E62-A1F9-0A25837D0F60}.Release|ARM.ActiveCfg = Release|Any CPU
		{70BAA03E-83D9-4E62-A1F9-0A25837D0F60}.Release|ARM.Build.0 = Release|Any CPU
		{70BAA03E-83D9-4E62-A1F9-0A25837D0F60}.Release|iPhone.ActiveCfg = Release|Any CPU
		{70BAA03E-83D9-4E62-A1F9-0A25837D0F60}.Release|iPhone.Build.0 = Release|Any CPU
		{70BAA03E-83D9-4E62-A1F9-0A25837D0F60}.Release|iPhoneSimulator.ActiveCfg = Release|Any CPU
		{70BAA03E-83D9-4E62-A1F9-0A25837D0F60}.Release|iPhoneSimulator.Build.0 = Release|Any CPU
		{70BAA03E-83D9-4E62-A1F9-0A25837D0F60}.Release|x64.ActiveCfg = Release|Any CPU
		{70BAA03E-83D9-4E62-A1F9-0A25837D0F60}.Release|x64.Build.0 = Release|Any CPU
		{70BAA03E-83D9-4E62-A1F9-0A25837D0F60}.Release|x86.ActiveCfg = Release|Any CPU
		{70BAA03E-83D9-4E62-A1F9-0A25837D0F60}.Release|x86.Build.0 = Release|Any CPU
	EndGlobalSection
	GlobalSection(SolutionProperties) = preSolution
		HideSolutionNode = FALSE
	EndGlobalSection
	GlobalSection(ExtensibilityGlobals) = postSolution
		SolutionGuid = {F1A0222F-1311-4504-8131-7636DF3CEA99}
	EndGlobalSection
EndGlobal
